
Microsoft Visual Studio Solution File, Format Version 12.00
# Visual Studio Version 17
VisualStudioVersion = 17.9.34728.123
MinimumVisualStudioVersion = 10.0.40219.1
Project("{FAE04EC0-301F-11D3-BF4B-00C04F79EFBC}") = "GPFinal", "GPFinal.csproj", "{E5486202-4CAE-44B2-8FBC-8840C10C54C4}"
EndProject
Global
	GlobalSection(SolutionConfigurationPlatforms) = preSolution
		Debug|Any CPU = Debug|Any CPU
		Release|Any CPU = Release|Any CPU
	EndGlobalSection
	GlobalSection(ProjectConfigurationPlatforms) = postSolution
		{E5486202-4CAE-44B2-8FBC-8840C10C54C4}.Debug|Any CPU.ActiveCfg = Debug|Any CPU
		{E5486202-4CAE-44B2-8FBC-8840C10C54C4}.Debug|Any CPU.Build.0 = Debug|Any CPU
		{E5486202-4CAE-44B2-8FBC-8840C10C54C4}.Release|Any CPU.ActiveCfg = Release|Any CPU
		{E5486202-4CAE-44B2-8FBC-8840C10C54C4}.Release|Any CPU.Build.0 = Release|Any CPU
	EndGlobalSection
	GlobalSection(SolutionProperties) = preSolution
		HideSolutionNode = FALSE
	EndGlobalSection
	GlobalSection(ExtensibilityGlobals) = postSolution
		SolutionGuid = {16F1E952-D3A9-42F5-864A-46146D51BF83}
	EndGlobalSection
EndGlobal
